// !$*UTF8*$!
{
	archiveVersion = 1;
	classes = {
	};
	objectVersion = 77;
	objects = {

/* Begin PBXBuildFile section */
		1EC671BC1ED92EB51EE5BD48 /* ACMenuItem.swift in Sources */ = {isa = PBXBuildFile; fileRef = 3073A412FDFBF8D6A0353005 /* ACMenuItem.swift */; };
		24A8D74CC7F30CC9191475C8 /* macOSBridge.bundle in Resources */ = {isa = PBXBuildFile; fileRef = 3077902E08C2447E75C0B801 /* macOSBridge.bundle */; settings = {ATTRIBUTES = (CodeSignOnCopy, RemoveHeadersOnCopy, ); }; };
		2565DFE47E948EC966C47685 /* SensorMenuItem.swift in Sources */ = {isa = PBXBuildFile; fileRef = 1CBC494E78D2C2258D170463 /* SensorMenuItem.swift */; };
		354D1C0CBA568D00917FFFDD /* LightMenuItem.swift in Sources */ = {isa = PBXBuildFile; fileRef = 9A35728D53D42D67EC70DFD0 /* LightMenuItem.swift */; };
		3CF1F3A98A39E560685EFEC6 /* LockMenuItem.swift in Sources */ = {isa = PBXBuildFile; fileRef = 0DFBBFDDAA7CF51A5071A7ED /* LockMenuItem.swift */; };
		4CD187B590B0BC88F68F8D05 /* ThermostatMenuItem.swift in Sources */ = {isa = PBXBuildFile; fileRef = 182446EFDB860466676FAD69 /* ThermostatMenuItem.swift */; };
		50A3F9C230C93573396D86D4 /* HomeKit.framework in Frameworks */ = {isa = PBXBuildFile; fileRef = 75604ECFC3AB4432ED7FAE22 /* HomeKit.framework */; };
		837FAB305F03E31FC3CCC36C /* HomeKitManager.swift in Sources */ = {isa = PBXBuildFile; fileRef = 543EC33F3F55DF3D8FF567F3 /* HomeKitManager.swift */; };
		9CD50BD97A90999AAB7611CC /* MacOSController.swift in Sources */ = {isa = PBXBuildFile; fileRef = 414A7F7C413FD9357089E212 /* MacOSController.swift */; };
		A887C59FDF71A8AD3E9AD642 /* BridgeProtocols.swift in Sources */ = {isa = PBXBuildFile; fileRef = BF32A3FAF57D0DDDD65E08B8 /* BridgeProtocols.swift */; };
		AB68B5D750603BEEED54EF6C /* BridgeProtocols.swift in Sources */ = {isa = PBXBuildFile; fileRef = BF32A3FAF57D0DDDD65E08B8 /* BridgeProtocols.swift */; };
		AF27EAE4A7E87F58A356A028 /* SceneDelegate.swift in Sources */ = {isa = PBXBuildFile; fileRef = 1BA6C0831C3CBC237D3EC0CA /* SceneDelegate.swift */; };
		C3F308A6A026013ABCFC6744 /* AppDelegate.swift in Sources */ = {isa = PBXBuildFile; fileRef = 00E51009B97D866959165F67 /* AppDelegate.swift */; };
		CD608CD2981E275869775A3A /* Assets.xcassets in Resources */ = {isa = PBXBuildFile; fileRef = 806F6733E4514D2FE98FC8B0 /* Assets.xcassets */; };
		DE726F40251B6254C347DBD4 /* BaseMenuItems.swift in Sources */ = {isa = PBXBuildFile; fileRef = 609E8A737A4CD60BDB209D87 /* BaseMenuItems.swift */; };
		DF5B661C6E8298EF95656C25 /* BlindMenuItem.swift in Sources */ = {isa = PBXBuildFile; fileRef = DDD73D2770871DAF00442160 /* BlindMenuItem.swift */; };
		FA4E4836C48F0F6A325B9C1A /* SwitchMenuItem.swift in Sources */ = {isa = PBXBuildFile; fileRef = 9B8379562D115B4638C7B64D /* SwitchMenuItem.swift */; };
/* End PBXBuildFile section */

/* Begin PBXContainerItemProxy section */
		0E0067005E49C6BF8C536ABB /* PBXContainerItemProxy */ = {
			isa = PBXContainerItemProxy;
			containerPortal = F6A147C00BEDD010FD434F51 /* Project object */;
			proxyType = 1;
			remoteGlobalIDString = 3528985C519060B2D1112531;
			remoteInfo = macOSBridge;
		};
/* End PBXContainerItemProxy section */

/* Begin PBXFileReference section */
		00E51009B97D866959165F67 /* AppDelegate.swift */ = {isa = PBXFileReference; lastKnownFileType = sourcecode.swift; path = AppDelegate.swift; sourceTree = "<group>"; };
		0DFBBFDDAA7CF51A5071A7ED /* LockMenuItem.swift */ = {isa = PBXFileReference; lastKnownFileType = sourcecode.swift; path = LockMenuItem.swift; sourceTree = "<group>"; };
		182446EFDB860466676FAD69 /* ThermostatMenuItem.swift */ = {isa = PBXFileReference; lastKnownFileType = sourcecode.swift; path = ThermostatMenuItem.swift; sourceTree = "<group>"; };
		1BA6C0831C3CBC237D3EC0CA /* SceneDelegate.swift */ = {isa = PBXFileReference; lastKnownFileType = sourcecode.swift; path = SceneDelegate.swift; sourceTree = "<group>"; };
		1CBC494E78D2C2258D170463 /* SensorMenuItem.swift */ = {isa = PBXFileReference; lastKnownFileType = sourcecode.swift; path = SensorMenuItem.swift; sourceTree = "<group>"; };
		238048C95B021732B0747B5D /* Info.plist */ = {isa = PBXFileReference; lastKnownFileType = text.plist; path = Info.plist; sourceTree = "<group>"; };
		3073A412FDFBF8D6A0353005 /* ACMenuItem.swift */ = {isa = PBXFileReference; lastKnownFileType = sourcecode.swift; path = ACMenuItem.swift; sourceTree = "<group>"; };
		3077902E08C2447E75C0B801 /* macOSBridge.bundle */ = {isa = PBXFileReference; explicitFileType = wrapper.cfbundle; includeInIndex = 0; path = macOSBridge.bundle; sourceTree = BUILT_PRODUCTS_DIR; };
		414A7F7C413FD9357089E212 /* MacOSController.swift */ = {isa = PBXFileReference; lastKnownFileType = sourcecode.swift; path = MacOSController.swift; sourceTree = "<group>"; };
		543EC33F3F55DF3D8FF567F3 /* HomeKitManager.swift */ = {isa = PBXFileReference; lastKnownFileType = sourcecode.swift; path = HomeKitManager.swift; sourceTree = "<group>"; };
		609E8A737A4CD60BDB209D87 /* BaseMenuItems.swift */ = {isa = PBXFileReference; lastKnownFileType = sourcecode.swift; path = BaseMenuItems.swift; sourceTree = "<group>"; };
		75604ECFC3AB4432ED7FAE22 /* HomeKit.framework */ = {isa = PBXFileReference; lastKnownFileType = wrapper.framework; name = HomeKit.framework; path = System/Library/Frameworks/HomeKit.framework; sourceTree = SDKROOT; };
		806F6733E4514D2FE98FC8B0 /* Assets.xcassets */ = {isa = PBXFileReference; lastKnownFileType = folder.assetcatalog; path = Assets.xcassets; sourceTree = "<group>"; };
		9A35728D53D42D67EC70DFD0 /* LightMenuItem.swift */ = {isa = PBXFileReference; lastKnownFileType = sourcecode.swift; path = LightMenuItem.swift; sourceTree = "<group>"; };
		9B8379562D115B4638C7B64D /* SwitchMenuItem.swift */ = {isa = PBXFileReference; lastKnownFileType = sourcecode.swift; path = SwitchMenuItem.swift; sourceTree = "<group>"; };
		AFD9AB50B95AE106FAEF1FCA /* HomeBar.app */ = {isa = PBXFileReference; includeInIndex = 0; lastKnownFileType = wrapper.application; path = HomeBar.app; sourceTree = BUILT_PRODUCTS_DIR; };
		BF32A3FAF57D0DDDD65E08B8 /* BridgeProtocols.swift */ = {isa = PBXFileReference; lastKnownFileType = sourcecode.swift; path = BridgeProtocols.swift; sourceTree = "<group>"; };
		DDD73D2770871DAF00442160 /* BlindMenuItem.swift */ = {isa = PBXFileReference; lastKnownFileType = sourcecode.swift; path = BlindMenuItem.swift; sourceTree = "<group>"; };
/* End PBXFileReference section */

/* Begin PBXFrameworksBuildPhase section */
		00BAE6AF1BD20E9FC310EFD8 /* Frameworks */ = {
			isa = PBXFrameworksBuildPhase;
			buildActionMask = 2147483647;
			files = (
				50A3F9C230C93573396D86D4 /* HomeKit.framework in Frameworks */,
			);
			runOnlyForDeploymentPostprocessing = 0;
		};
/* End PBXFrameworksBuildPhase section */

/* Begin PBXGroup section */
		150DCC8AD6B493B7EA405FAC /* Products */ = {
			isa = PBXGroup;
			children = (
				AFD9AB50B95AE106FAEF1FCA /* HomeBar.app */,
				3077902E08C2447E75C0B801 /* macOSBridge.bundle */,
			);
			name = Products;
			sourceTree = "<group>";
		};
		15EF55A46B1AA34B583E0240 /* Resources */ = {
			isa = PBXGroup;
			children = (
				806F6733E4514D2FE98FC8B0 /* Assets.xcassets */,
			);
			name = Resources;
			path = HomeBar/Resources;
			sourceTree = "<group>";
		};
		2A0E0548BFE8DD88B918C340 = {
			isa = PBXGroup;
			children = (
				C418C98458852042003F880C /* iOS */,
				F8EC4E9B609790C64AFC9DBA /* macOSBridge */,
				15EF55A46B1AA34B583E0240 /* Resources */,
				83D3381CE9B275EC3A6E4C86 /* Shared */,
				8FD10067FCB0CD62465277D9 /* Frameworks */,
				150DCC8AD6B493B7EA405FAC /* Products */,
			);
			sourceTree = "<group>";
		};
		6B67F9BD8CD20FF41E5D59D4 /* MenuItems */ = {
			isa = PBXGroup;
			children = (
				3073A412FDFBF8D6A0353005 /* ACMenuItem.swift */,
				609E8A737A4CD60BDB209D87 /* BaseMenuItems.swift */,
				DDD73D2770871DAF00442160 /* BlindMenuItem.swift */,
				9A35728D53D42D67EC70DFD0 /* LightMenuItem.swift */,
				0DFBBFDDAA7CF51A5071A7ED /* LockMenuItem.swift */,
				1CBC494E78D2C2258D170463 /* SensorMenuItem.swift */,
				9B8379562D115B4638C7B64D /* SwitchMenuItem.swift */,
				182446EFDB860466676FAD69 /* ThermostatMenuItem.swift */,
			);
			path = MenuItems;
			sourceTree = "<group>";
		};
		83D3381CE9B275EC3A6E4C86 /* Shared */ = {
			isa = PBXGroup;
			children = (
				BF32A3FAF57D0DDDD65E08B8 /* BridgeProtocols.swift */,
			);
			name = Shared;
			path = HomeBar/Shared;
			sourceTree = "<group>";
		};
		8FD10067FCB0CD62465277D9 /* Frameworks */ = {
			isa = PBXGroup;
			children = (
				75604ECFC3AB4432ED7FAE22 /* HomeKit.framework */,
			);
			name = Frameworks;
			sourceTree = "<group>";
		};
		A0330B47D0288E40F891E5D4 /* Views */ = {
			isa = PBXGroup;
			children = (
			);
			path = Views;
			sourceTree = "<group>";
		};
		C418C98458852042003F880C /* iOS */ = {
			isa = PBXGroup;
			children = (
				00E51009B97D866959165F67 /* AppDelegate.swift */,
				543EC33F3F55DF3D8FF567F3 /* HomeKitManager.swift */,
				1BA6C0831C3CBC237D3EC0CA /* SceneDelegate.swift */,
			);
			name = iOS;
			path = HomeBar/iOS;
			sourceTree = "<group>";
		};
		F8EC4E9B609790C64AFC9DBA /* macOSBridge */ = {
			isa = PBXGroup;
			children = (
				238048C95B021732B0747B5D /* Info.plist */,
				414A7F7C413FD9357089E212 /* MacOSController.swift */,
				6B67F9BD8CD20FF41E5D59D4 /* MenuItems */,
				A0330B47D0288E40F891E5D4 /* Views */,
			);
			path = macOSBridge;
			sourceTree = "<group>";
		};
/* End PBXGroup section */

/* Begin PBXNativeTarget section */
		3528985C519060B2D1112531 /* macOSBridge */ = {
			isa = PBXNativeTarget;
			buildConfigurationList = BA0748C610825A4D225EE377 /* Build configuration list for PBXNativeTarget "macOSBridge" */;
			buildPhases = (
				8CEFD6AEC1EF942FF555D7A4 /* Sources */,
			);
			buildRules = (
			);
			dependencies = (
			);
			name = macOSBridge;
			packageProductDependencies = (
			);
			productName = macOSBridge;
			productReference = 3077902E08C2447E75C0B801 /* macOSBridge.bundle */;
			productType = "com.apple.product-type.bundle";
		};
		5B697FC22326420F528D9CD9 /* HomeBar */ = {
			isa = PBXNativeTarget;
			buildConfigurationList = 11CD0A5476F72F80E4AED156 /* Build configuration list for PBXNativeTarget "HomeBar" */;
			buildPhases = (
				E4B10C26D9785AF4E30277F4 /* Sources */,
				476DB6B362562C5FA159B038 /* Resources */,
				00BAE6AF1BD20E9FC310EFD8 /* Frameworks */,
			);
			buildRules = (
			);
			dependencies = (
				0FD2694EAA8C68C71B582434 /* PBXTargetDependency */,
			);
			name = HomeBar;
			packageProductDependencies = (
			);
			productName = HomeBar;
			productReference = AFD9AB50B95AE106FAEF1FCA /* HomeBar.app */;
			productType = "com.apple.product-type.application";
		};
/* End PBXNativeTarget section */

/* Begin PBXProject section */
		F6A147C00BEDD010FD434F51 /* Project object */ = {
			isa = PBXProject;
			attributes = {
				BuildIndependentTargetsInParallel = YES;
				LastUpgradeCheck = 1500;
				TargetAttributes = {
					3528985C519060B2D1112531 = {
						DevelopmentTeam = R892A93W42;
						ProvisioningStyle = Automatic;
					};
					5B697FC22326420F528D9CD9 = {
						DevelopmentTeam = R892A93W42;
						ProvisioningStyle = Automatic;
					};
				};
			};
			buildConfigurationList = 601E8D1BF16050FB5E177BC0 /* Build configuration list for PBXProject "HomeBar" */;
			compatibilityVersion = "Xcode 14.0";
			developmentRegion = en;
			hasScannedForEncodings = 0;
			knownRegions = (
				Base,
				en,
			);
			mainGroup = 2A0E0548BFE8DD88B918C340;
			minimizedProjectReferenceProxies = 1;
			preferredProjectObjectVersion = 77;
			projectDirPath = "";
			projectRoot = "";
			targets = (
				5B697FC22326420F528D9CD9 /* HomeBar */,
				3528985C519060B2D1112531 /* macOSBridge */,
			);
		};
/* End PBXProject section */

/* Begin PBXResourcesBuildPhase section */
		476DB6B362562C5FA159B038 /* Resources */ = {
			isa = PBXResourcesBuildPhase;
			buildActionMask = 2147483647;
			files = (
				CD608CD2981E275869775A3A /* Assets.xcassets in Resources */,
				24A8D74CC7F30CC9191475C8 /* macOSBridge.bundle in Resources */,
			);
			runOnlyForDeploymentPostprocessing = 0;
		};
/* End PBXResourcesBuildPhase section */

/* Begin PBXSourcesBuildPhase section */
		8CEFD6AEC1EF942FF555D7A4 /* Sources */ = {
			isa = PBXSourcesBuildPhase;
			buildActionMask = 2147483647;
			files = (
				1EC671BC1ED92EB51EE5BD48 /* ACMenuItem.swift in Sources */,
				DE726F40251B6254C347DBD4 /* BaseMenuItems.swift in Sources */,
				DF5B661C6E8298EF95656C25 /* BlindMenuItem.swift in Sources */,
				A887C59FDF71A8AD3E9AD642 /* BridgeProtocols.swift in Sources */,
				354D1C0CBA568D00917FFFDD /* LightMenuItem.swift in Sources */,
				3CF1F3A98A39E560685EFEC6 /* LockMenuItem.swift in Sources */,
				9CD50BD97A90999AAB7611CC /* MacOSController.swift in Sources */,
				2565DFE47E948EC966C47685 /* SensorMenuItem.swift in Sources */,
				FA4E4836C48F0F6A325B9C1A /* SwitchMenuItem.swift in Sources */,
				4CD187B590B0BC88F68F8D05 /* ThermostatMenuItem.swift in Sources */,
			);
			runOnlyForDeploymentPostprocessing = 0;
		};
		E4B10C26D9785AF4E30277F4 /* Sources */ = {
			isa = PBXSourcesBuildPhase;
			buildActionMask = 2147483647;
			files = (
				C3F308A6A026013ABCFC6744 /* AppDelegate.swift in Sources */,
				AB68B5D750603BEEED54EF6C /* BridgeProtocols.swift in Sources */,
				837FAB305F03E31FC3CCC36C /* HomeKitManager.swift in Sources */,
				AF27EAE4A7E87F58A356A028 /* SceneDelegate.swift in Sources */,
			);
			runOnlyForDeploymentPostprocessing = 0;
		};
/* End PBXSourcesBuildPhase section */

/* Begin PBXTargetDependency section */
		0FD2694EAA8C68C71B582434 /* PBXTargetDependency */ = {
			isa = PBXTargetDependency;
			target = 3528985C519060B2D1112531 /* macOSBridge */;
			targetProxy = 0E0067005E49C6BF8C536ABB /* PBXContainerItemProxy */;
		};
/* End PBXTargetDependency section */

/* Begin XCBuildConfiguration section */
		23705746B8007ABF22E2F9CC /* Debug */ = {
			isa = XCBuildConfiguration;
			buildSettings = {
				ASSETCATALOG_COMPILER_APPICON_NAME = AppIcon;
				CODE_SIGN_ENTITLEMENTS = HomeBar/HomeBar.entitlements;
				CODE_SIGN_IDENTITY = "iPhone Developer";
				DERIVE_MACCATALYST_PRODUCT_BUNDLE_IDENTIFIER = NO;
				INFOPLIST_FILE = HomeBar/Info.plist;
				LD_RUNPATH_SEARCH_PATHS = (
					"$(inherited)",
					"@executable_path/Frameworks",
				);
				PRODUCT_BUNDLE_IDENTIFIER = com.nickustinov.homebar;
				PRODUCT_NAME = HomeBar;
				SDKROOT = iphoneos;
				SUPPORTED_PLATFORMS = "iphoneos iphonesimulator";
				SUPPORTS_MACCATALYST = YES;
				SUPPORTS_MAC_DESIGNED_FOR_IPHONE_IPAD = YES;
				SUPPORTS_XR_DESIGNED_FOR_IPHONE_IPAD = YES;
				TARGETED_DEVICE_FAMILY = "1,2,6";
			};
			name = Debug;
		};
		5398DC950558700C023A99CB /* Debug */ = {
			isa = XCBuildConfiguration;
			buildSettings = {
				ALWAYS_SEARCH_USER_PATHS = NO;
				CLANG_ANALYZER_NONNULL = YES;
				CLANG_ANALYZER_NUMBER_OBJECT_CONVERSION = YES_AGGRESSIVE;
				CLANG_CXX_LANGUAGE_STANDARD = "gnu++14";
				CLANG_CXX_LIBRARY = "libc++";
				CLANG_ENABLE_MODULES = YES;
				CLANG_ENABLE_OBJC_ARC = YES;
				CLANG_ENABLE_OBJC_WEAK = YES;
				CLANG_WARN_BLOCK_CAPTURE_AUTORELEASING = YES;
				CLANG_WARN_BOOL_CONVERSION = YES;
				CLANG_WARN_COMMA = YES;
				CLANG_WARN_CONSTANT_CONVERSION = YES;
				CLANG_WARN_DEPRECATED_OBJC_IMPLEMENTATIONS = YES;
				CLANG_WARN_DIRECT_OBJC_ISA_USAGE = YES_ERROR;
				CLANG_WARN_DOCUMENTATION_COMMENTS = YES;
				CLANG_WARN_EMPTY_BODY = YES;
				CLANG_WARN_ENUM_CONVERSION = YES;
				CLANG_WARN_INFINITE_RECURSION = YES;
				CLANG_WARN_INT_CONVERSION = YES;
				CLANG_WARN_NON_LITERAL_NULL_CONVERSION = YES;
				CLANG_WARN_OBJC_IMPLICIT_RETAIN_SELF = YES;
				CLANG_WARN_OBJC_LITERAL_CONVERSION = YES;
				CLANG_WARN_OBJC_ROOT_CLASS = YES_ERROR;
				CLANG_WARN_QUOTED_INCLUDE_IN_FRAMEWORK_HEADER = YES;
				CLANG_WARN_RANGE_LOOP_ANALYSIS = YES;
				CLANG_WARN_STRICT_PROTOTYPES = YES;
				CLANG_WARN_SUSPICIOUS_MOVE = YES;
				CLANG_WARN_UNGUARDED_AVAILABILITY = YES_AGGRESSIVE;
				CLANG_WARN_UNREACHABLE_CODE = YES;
				CLANG_WARN__DUPLICATE_METHOD_MATCH = YES;
				CODE_SIGN_STYLE = Automatic;
				COPY_PHASE_STRIP = NO;
				DEBUG_INFORMATION_FORMAT = dwarf;
				DEVELOPMENT_TEAM = R892A93W42;
				ENABLE_STRICT_OBJC_MSGSEND = YES;
				ENABLE_TESTABILITY = YES;
				GCC_C_LANGUAGE_STANDARD = gnu11;
				GCC_DYNAMIC_NO_PIC = NO;
				GCC_NO_COMMON_BLOCKS = YES;
				GCC_OPTIMIZATION_LEVEL = 0;
				GCC_PREPROCESSOR_DEFINITIONS = (
					"$(inherited)",
					"DEBUG=1",
				);
				GCC_WARN_64_TO_32_BIT_CONVERSION = YES;
				GCC_WARN_ABOUT_RETURN_TYPE = YES_ERROR;
				GCC_WARN_UNDECLARED_SELECTOR = YES;
				GCC_WARN_UNINITIALIZED_AUTOS = YES_AGGRESSIVE;
				GCC_WARN_UNUSED_FUNCTION = YES;
				GCC_WARN_UNUSED_VARIABLE = YES;
				IPHONEOS_DEPLOYMENT_TARGET = 17.0;
				MTL_ENABLE_DEBUG_INFO = INCLUDE_SOURCE;
				MTL_FAST_MATH = YES;
				ONLY_ACTIVE_ARCH = YES;
				PRODUCT_NAME = "$(TARGET_NAME)";
				SWIFT_ACTIVE_COMPILATION_CONDITIONS = DEBUG;
				SWIFT_OPTIMIZATION_LEVEL = "-Onone";
				SWIFT_VERSION = 5.9;
			};
			name = Debug;
		};
		781D208EC86007C7953EBFE3 /* Debug */ = {
			isa = XCBuildConfiguration;
			buildSettings = {
				COMBINE_HIDPI_IMAGES = YES;
				INFOPLIST_FILE = macOSBridge/Info.plist;
				LD_RUNPATH_SEARCH_PATHS = (
					"$(inherited)",
					"@executable_path/../Frameworks",
				);
				MACOSX_DEPLOYMENT_TARGET = 14.0;
				PRODUCT_BUNDLE_IDENTIFIER = com.nickustinov.homebar.macOSBridge;
				PRODUCT_NAME = macOSBridge;
				SDKROOT = macosx;
				SKIP_INSTALL = YES;
			};
			name = Debug;
		};
		A0DF1AF04EB4B36272D48BCF /* Release */ = {
			isa = XCBuildConfiguration;
			buildSettings = {
				COMBINE_HIDPI_IMAGES = YES;
				INFOPLIST_FILE = macOSBridge/Info.plist;
				LD_RUNPATH_SEARCH_PATHS = (
					"$(inherited)",
					"@executable_path/../Frameworks",
				);
				MACOSX_DEPLOYMENT_TARGET = 14.0;
				PRODUCT_BUNDLE_IDENTIFIER = com.nickustinov.homebar.macOSBridge;
				PRODUCT_NAME = macOSBridge;
				SDKROOT = macosx;
				SKIP_INSTALL = YES;
			};
			name = Release;
		};
		CF35CB7427C3408FDDCD397B /* Release */ = {
			isa = XCBuildConfiguration;
			buildSettings = {
				ALWAYS_SEARCH_USER_PATHS = NO;
				CLANG_ANALYZER_NONNULL = YES;
				CLANG_ANALYZER_NUMBER_OBJECT_CONVERSION = YES_AGGRESSIVE;
				CLANG_CXX_LANGUAGE_STANDARD = "gnu++14";
				CLANG_CXX_LIBRARY = "libc++";
				CLANG_ENABLE_MODULES = YES;
				CLANG_ENABLE_OBJC_ARC = YES;
				CLANG_ENABLE_OBJC_WEAK = YES;
				CLANG_WARN_BLOCK_CAPTURE_AUTORELEASING = YES;
				CLANG_WARN_BOOL_CONVERSION = YES;
				CLANG_WARN_COMMA = YES;
				CLANG_WARN_CONSTANT_CONVERSION = YES;
				CLANG_WARN_DEPRECATED_OBJC_IMPLEMENTATIONS = YES;
				CLANG_WARN_DIRECT_OBJC_ISA_USAGE = YES_ERROR;
				CLANG_WARN_DOCUMENTATION_COMMENTS = YES;
				CLANG_WARN_EMPTY_BODY = YES;
				CLANG_WARN_ENUM_CONVERSION = YES;
				CLANG_WARN_INFINITE_RECURSION = YES;
				CLANG_WARN_INT_CONVERSION = YES;
				CLANG_WARN_NON_LITERAL_NULL_CONVERSION = YES;
				CLANG_WARN_OBJC_IMPLICIT_RETAIN_SELF = YES;
				CLANG_WARN_OBJC_LITERAL_CONVERSION = YES;
				CLANG_WARN_OBJC_ROOT_CLASS = YES_ERROR;
				CLANG_WARN_QUOTED_INCLUDE_IN_FRAMEWORK_HEADER = YES;
				CLANG_WARN_RANGE_LOOP_ANALYSIS = YES;
				CLANG_WARN_STRICT_PROTOTYPES = YES;
				CLANG_WARN_SUSPICIOUS_MOVE = YES;
				CLANG_WARN_UNGUARDED_AVAILABILITY = YES_AGGRESSIVE;
				CLANG_WARN_UNREACHABLE_CODE = YES;
				CLANG_WARN__DUPLICATE_METHOD_MATCH = YES;
				CODE_SIGN_STYLE = Automatic;
				COPY_PHASE_STRIP = NO;
				DEBUG_INFORMATION_FORMAT = "dwarf-with-dsym";
				DEVELOPMENT_TEAM = R892A93W42;
				ENABLE_NS_ASSERTIONS = NO;
				ENABLE_STRICT_OBJC_MSGSEND = YES;
				GCC_C_LANGUAGE_STANDARD = gnu11;
				GCC_NO_COMMON_BLOCKS = YES;
				GCC_WARN_64_TO_32_BIT_CONVERSION = YES;
				GCC_WARN_ABOUT_RETURN_TYPE = YES_ERROR;
				GCC_WARN_UNDECLARED_SELECTOR = YES;
				GCC_WARN_UNINITIALIZED_AUTOS = YES_AGGRESSIVE;
				GCC_WARN_UNUSED_FUNCTION = YES;
				GCC_WARN_UNUSED_VARIABLE = YES;
				IPHONEOS_DEPLOYMENT_TARGET = 17.0;
				MTL_ENABLE_DEBUG_INFO = NO;
				MTL_FAST_MATH = YES;
				PRODUCT_NAME = "$(TARGET_NAME)";
				SWIFT_COMPILATION_MODE = wholemodule;
				SWIFT_OPTIMIZATION_LEVEL = "-O";
				SWIFT_VERSION = 5.9;
			};
			name = Release;
		};
		E883C7E64B7698CBBADD6CD0 /* Release */ = {
			isa = XCBuildConfiguration;
			buildSettings = {
				ASSETCATALOG_COMPILER_APPICON_NAME = AppIcon;
				CODE_SIGN_ENTITLEMENTS = HomeBar/HomeBar.entitlements;
				CODE_SIGN_IDENTITY = "iPhone Developer";
				DERIVE_MACCATALYST_PRODUCT_BUNDLE_IDENTIFIER = NO;
				INFOPLIST_FILE = HomeBar/Info.plist;
				LD_RUNPATH_SEARCH_PATHS = (
					"$(inherited)",
					"@executable_path/Frameworks",
				);
				PRODUCT_BUNDLE_IDENTIFIER = com.nickustinov.homebar;
				PRODUCT_NAME = HomeBar;
				SDKROOT = iphoneos;
				SUPPORTED_PLATFORMS = "iphoneos iphonesimulator";
				SUPPORTS_MACCATALYST = YES;
				SUPPORTS_MAC_DESIGNED_FOR_IPHONE_IPAD = YES;
				SUPPORTS_XR_DESIGNED_FOR_IPHONE_IPAD = YES;
				TARGETED_DEVICE_FAMILY = "1,2,6";
			};
			name = Release;
		};
/* End XCBuildConfiguration section */

/* Begin XCConfigurationList section */
		11CD0A5476F72F80E4AED156 /* Build configuration list for PBXNativeTarget "HomeBar" */ = {
			isa = XCConfigurationList;
			buildConfigurations = (
				23705746B8007ABF22E2F9CC /* Debug */,
				E883C7E64B7698CBBADD6CD0 /* Release */,
			);
			defaultConfigurationIsVisible = 0;
			defaultConfigurationName = Debug;
		};
		601E8D1BF16050FB5E177BC0 /* Build configuration list for PBXProject "HomeBar" */ = {
			isa = XCConfigurationList;
			buildConfigurations = (
				5398DC950558700C023A99CB /* Debug */,
				CF35CB7427C3408FDDCD397B /* Release */,
			);
			defaultConfigurationIsVisible = 0;
			defaultConfigurationName = Debug;
		};
		BA0748C610825A4D225EE377 /* Build configuration list for PBXNativeTarget "macOSBridge" */ = {
			isa = XCConfigurationList;
			buildConfigurations = (
				781D208EC86007C7953EBFE3 /* Debug */,
				A0DF1AF04EB4B36272D48BCF /* Release */,
			);
			defaultConfigurationIsVisible = 0;
			defaultConfigurationName = Debug;
		};
/* End XCConfigurationList section */
	};
	rootObject = F6A147C00BEDD010FD434F51 /* Project object */;
}
